
Microsoft Visual Studio Solution File, Format Version 12.00
# Visual Studio 15
VisualStudioVersion = 15.0.27004.2005
MinimumVisualStudioVersion = 10.0.40219.1
Project("{FAE04EC0-301F-11D3-BF4B-00C04F79EFBC}") = "WebApplication1", "WebApplication1\WebApplication1.csproj", "{00C34D00-C4F2-4556-8EEA-245B91119FF3}"
EndProject
Global
	GlobalSection(SolutionConfigurationPlatforms) = preSolution
		Debug|Any CPU = Debug|Any CPU
		Release|Any CPU = Release|Any CPU
	EndGlobalSection
	GlobalSection(ProjectConfigurationPlatforms) = postSolution
		{00C34D00-C4F2-4556-8EEA-245B91119FF3}.Debug|Any CPU.ActiveCfg = Debug|Any CPU
		{00C34D00-C4F2-4556-8EEA-245B91119FF3}.Debug|Any CPU.Build.0 = Debug|Any CPU
		{00C34D00-C4F2-4556-8EEA-245B91119FF3}.Release|Any CPU.ActiveCfg = Release|Any CPU
		{00C34D00-C4F2-4556-8EEA-245B91119FF3}.Release|Any CPU.Build.0 = Release|Any CPU
	EndGlobalSection
	GlobalSection(SolutionProperties) = preSolution
		HideSolutionNode = FALSE
	EndGlobalSection
	GlobalSection(ExtensibilityGlobals) = postSolution
		SolutionGuid = {1D426BE6-02B0-4283-BA1E-54163EBDA71D}
	EndGlobalSection
EndGlobal
